{
  "originHash" : "fbdec518f66720abc9cceef1ea36ee3229c4faa09fdcfd36f45e77839c989f98",
  "pins" : [
    {
      "identity" : "purchases-ios",
      "kind" : "remoteSourceControl",
      "location" : "https://github.com/RevenueCat/purchases-ios",
      "state" : {
        "revision" : "06c0e8b9d38e535307776405e1ed13c326f8878c",
        "version" : "5.39.0"
      }
    }
  ],
  "version" : 3
}
