{
  "originHash" : "b78eacc5be01779af2ad6c768bf6712d64d13e1898dd33c3f8bb8d771542b121",
  "pins" : [
    {
      "identity" : "purchases-ios",
      "kind" : "remoteSourceControl",
      "location" : "https://github.com/RevenueCat/purchases-ios",
      "state" : {
        "revision" : "06c0e8b9d38e535307776405e1ed13c326f8878c",
        "version" : "5.39.0"
      }
    },
    {
      "identity" : "swiftycrop",
      "kind" : "remoteSourceControl",
      "location" : "https://github.com/benedom/SwiftyCrop",
      "state" : {
        "branch" : "master",
        "revision" : "a19a108defb7c728523ab0f153b9249014680afd"
      }
    }
  ],
  "version" : 3
}
