<?xml version="1.0" encoding="UTF-8"?><Scheme LastUpgradeVersion="1500" version="1.7"><BuildAction parallelizeBuildables="YES" buildImplicitDependencies="YES"><BuildActionEntries><BuildActionEntry buildForTesting="YES" buildForRunning="YES" buildForProfiling="YES" buildForArchiving="YES" buildForAnalyzing="YES"><BuildableReference BuildableIdentifier="primary" BlueprintIdentifier="YOURIDENTIFIER" BuildableName="Amped.app" BlueprintName="Amped" ReferencedContainer="container:Amped.xcodeproj"></BuildableReference></BuildActionEntry></BuildActionEntries></BuildAction><LaunchAction buildConfiguration="Debug" selectedDebuggerIdentifier="Xcode.DebuggerFoundation.Debugger.LLDB" selectedLauncherIdentifier="Xcode.DebuggerFoundation.Launcher.LLDB" disableMainThreadChecker="NO" disablePerformanceAntipatternChecker="NO" enableGPUValidationMode="1" additionalOptions="" debugServiceExtension="internal" allowLocationSimulation="YES" ignoresPersistentStateOnLaunch="NO"><CommandLineArguments></CommandLineArguments><EnvironmentVariables></EnvironmentVariables><DebuggerOptions disableMainThreadChecker="NO" disablePerformanceAntipatternChecker="NO" debugProcessAsUID="0" migratedStopOnEveryIssue="NO" migratedStopOnEveryMainThreadCheckerIssue="NO" disableASAN="YES" stopOnEveryUBSanitizerIssue="NO"><AdditionalLaunchArguments></AdditionalLaunchArguments></DebuggerOptions><BuildableProductRunnable runnableDebuggingMode="0"><BuildableReference BuildableIdentifier="primary" BlueprintIdentifier="YOURIDENTIFIER" BuildableName="Amped.app" BlueprintName="Amped" ReferencedContainer="container:Amped.xcodeproj"></BuildableReference></BuildableProductRunnable><LocationScenarioReference identifier="com.apple.dt.IDEFoundation.CurrentLocationScenarioIdentifier" referenceType="1"></LocationScenarioReference></LaunchAction></Scheme>
