// !$*UTF8*$!
{
	archiveVersion = 1;
	classes = {
	};
	objectVersion = 77;
	objects = {

/* Begin PBXBuildFile section */
		67FC7AFD2E7B71D300B9109D /* RevenueCat in Frameworks */ = {isa = PBXBuildFile; productRef = 67FC7AFC2E7B71D300B9109D /* RevenueCat */; };
		67FC7B012E7B803B00B9109D /* Amped 2.storekit in Resources */ = {isa = PBXBuildFile; fileRef = 67FC7B002E7B803B00B9109D /* Amped 2.storekit */; };
/* End PBXBuildFile section */

/* Begin PBXContainerItemProxy section */
		C106F2202D90ADC8001E151A /* PBXContainerItemProxy */ = {
			isa = PBXContainerItemProxy;
			containerPortal = C106F2072D90ADC6001E151A /* Project object */;
			proxyType = 1;
			remoteGlobalIDString = C106F20E2D90ADC6001E151A;
			remoteInfo = Amped;
		};
		C106F22A2D90ADC8001E151A /* PBXContainerItemProxy */ = {
			isa = PBXContainerItemProxy;
			containerPortal = C106F2072D90ADC6001E151A /* Project object */;
			proxyType = 1;
			remoteGlobalIDString = C106F20E2D90ADC6001E151A;
			remoteInfo = Amped;
		};
/* End PBXContainerItemProxy section */

/* Begin PBXFileReference section */
		67FC7B002E7B803B00B9109D /* Amped 2.storekit */ = {isa = PBXFileReference; lastKnownFileType = text; path = "Amped 2.storekit"; sourceTree = "<group>"; };
		C106F20F2D90ADC6001E151A /* Amped.app */ = {isa = PBXFileReference; explicitFileType = wrapper.application; includeInIndex = 0; path = Amped.app; sourceTree = BUILT_PRODUCTS_DIR; };
		C106F21F2D90ADC8001E151A /* AmpedTests.xctest */ = {isa = PBXFileReference; explicitFileType = wrapper.cfbundle; includeInIndex = 0; path = AmpedTests.xctest; sourceTree = BUILT_PRODUCTS_DIR; };
		C106F2292D90ADC8001E151A /* AmpedUITests.xctest */ = {isa = PBXFileReference; explicitFileType = wrapper.cfbundle; includeInIndex = 0; path = AmpedUITests.xctest; sourceTree = BUILT_PRODUCTS_DIR; };
/* End PBXFileReference section */

/* Begin PBXFileSystemSynchronizedRootGroup section */
		C106F2112D90ADC6001E151A /* Amped */ = {
			isa = PBXFileSystemSynchronizedRootGroup;
			path = Amped;
			sourceTree = "<group>";
		};
		C106F2222D90ADC8001E151A /* AmpedTests */ = {
			isa = PBXFileSystemSynchronizedRootGroup;
			path = AmpedTests;
			sourceTree = "<group>";
		};
		C106F22C2D90ADC8001E151A /* AmpedUITests */ = {
			isa = PBXFileSystemSynchronizedRootGroup;
			path = AmpedUITests;
			sourceTree = "<group>";
		};
/* End PBXFileSystemSynchronizedRootGroup section */

/* Begin PBXFrameworksBuildPhase section */
		C106F20C2D90ADC6001E151A /* Frameworks */ = {
			isa = PBXFrameworksBuildPhase;
			buildActionMask = 2147483647;
			files = (
				67FC7AFD2E7B71D300B9109D /* RevenueCat in Frameworks */,
			);
			runOnlyForDeploymentPostprocessing = 0;
		};
		C106F21C2D90ADC8001E151A /* Frameworks */ = {
			isa = PBXFrameworksBuildPhase;
			buildActionMask = 2147483647;
			files = (
			);
			runOnlyForDeploymentPostprocessing = 0;
		};
		C106F2262D90ADC8001E151A /* Frameworks */ = {
			isa = PBXFrameworksBuildPhase;
			buildActionMask = 2147483647;
			files = (
			);
			runOnlyForDeploymentPostprocessing = 0;
		};
/* End PBXFrameworksBuildPhase section */

/* Begin PBXGroup section */
		C106F2062D90ADC6001E151A = {
			isa = PBXGroup;
			children = (
				C106F2112D90ADC6001E151A /* Amped */,
				C106F2222D90ADC8001E151A /* AmpedTests */,
				C106F22C2D90ADC8001E151A /* AmpedUITests */,
				C106F2102D90ADC6001E151A /* Products */,
				67FC7B002E7B803B00B9109D /* Amped 2.storekit */,
			);
			sourceTree = "<group>";
		};
		C106F2102D90ADC6001E151A /* Products */ = {
			isa = PBXGroup;
			children = (
				C106F20F2D90ADC6001E151A /* Amped.app */,
				C106F21F2D90ADC8001E151A /* AmpedTests.xctest */,
				C106F2292D90ADC8001E151A /* AmpedUITests.xctest */,
			);
			name = Products;
			sourceTree = "<group>";
		};
/* End PBXGroup section */

/* Begin PBXNativeTarget section */
		C106F20E2D90ADC6001E151A /* Amped */ = {
			isa = PBXNativeTarget;
			buildConfigurationList = C106F2332D90ADC8001E151A /* Build configuration list for PBXNativeTarget "Amped" */;
			buildPhases = (
				C106F20B2D90ADC6001E151A /* Sources */,
				C106F20C2D90ADC6001E151A /* Frameworks */,
				C106F20D2D90ADC6001E151A /* Resources */,
				C106F2A52D90D0C0001E151A /* Info.plist No-Op (use Build Settings) */,
			);
			buildRules = (
			);
			dependencies = (
			);
			fileSystemSynchronizedGroups = (
				C106F2112D90ADC6001E151A /* Amped */,
			);
			name = Amped;
			packageProductDependencies = (
				67FC7AFC2E7B71D300B9109D /* RevenueCat */,
			);
			productName = Amped;
			productReference = C106F20F2D90ADC6001E151A /* Amped.app */;
			productType = "com.apple.product-type.application";
		};
		C106F21E2D90ADC8001E151A /* AmpedTests */ = {
			isa = PBXNativeTarget;
			buildConfigurationList = C106F2362D90ADC8001E151A /* Build configuration list for PBXNativeTarget "AmpedTests" */;
			buildPhases = (
				C106F21B2D90ADC8001E151A /* Sources */,
				C106F21C2D90ADC8001E151A /* Frameworks */,
				C106F21D2D90ADC8001E151A /* Resources */,
			);
			buildRules = (
			);
			dependencies = (
				C106F2212D90ADC8001E151A /* PBXTargetDependency */,
			);
			fileSystemSynchronizedGroups = (
				C106F2222D90ADC8001E151A /* AmpedTests */,
			);
			name = AmpedTests;
			packageProductDependencies = (
			);
			productName = AmpedTests;
			productReference = C106F21F2D90ADC8001E151A /* AmpedTests.xctest */;
			productType = "com.apple.product-type.bundle.unit-test";
		};
		C106F2282D90ADC8001E151A /* AmpedUITests */ = {
			isa = PBXNativeTarget;
			buildConfigurationList = C106F2392D90ADC8001E151A /* Build configuration list for PBXNativeTarget "AmpedUITests" */;
			buildPhases = (
				C106F2252D90ADC8001E151A /* Sources */,
				C106F2262D90ADC8001E151A /* Frameworks */,
				C106F2272D90ADC8001E151A /* Resources */,
			);
			buildRules = (
			);
			dependencies = (
				C106F22B2D90ADC8001E151A /* PBXTargetDependency */,
			);
			fileSystemSynchronizedGroups = (
				C106F22C2D90ADC8001E151A /* AmpedUITests */,
			);
			name = AmpedUITests;
			packageProductDependencies = (
			);
			productName = AmpedUITests;
			productReference = C106F2292D90ADC8001E151A /* AmpedUITests.xctest */;
			productType = "com.apple.product-type.bundle.ui-testing";
		};
/* End PBXNativeTarget section */

/* Begin PBXProject section */
		C106F2072D90ADC6001E151A /* Project object */ = {
			isa = PBXProject;
			attributes = {
				BuildIndependentTargetsInParallel = 1;
				LastSwiftUpdateCheck = 1620;
				LastUpgradeCheck = 1620;
				TargetAttributes = {
					C106F20E2D90ADC6001E151A = {
						CreatedOnToolsVersion = 16.2;
					};
					C106F21E2D90ADC8001E151A = {
						CreatedOnToolsVersion = 16.2;
						TestTargetID = C106F20E2D90ADC6001E151A;
					};
					C106F2282D90ADC8001E151A = {
						CreatedOnToolsVersion = 16.2;
						TestTargetID = C106F20E2D90ADC6001E151A;
					};
				};
			};
			buildConfigurationList = C106F20A2D90ADC6001E151A /* Build configuration list for PBXProject "Amped" */;
			developmentRegion = en;
			hasScannedForEncodings = 0;
			knownRegions = (
				en,
				Base,
			);
			mainGroup = C106F2062D90ADC6001E151A;
			minimizedProjectReferenceProxies = 1;
			packageReferences = (
				67FC7AFB2E7B71D300B9109D /* XCRemoteSwiftPackageReference "purchases-ios" */,
			);
			preferredProjectObjectVersion = 77;
			productRefGroup = C106F2102D90ADC6001E151A /* Products */;
			projectDirPath = "";
			projectRoot = "";
			targets = (
				C106F20E2D90ADC6001E151A /* Amped */,
				C106F21E2D90ADC8001E151A /* AmpedTests */,
				C106F2282D90ADC8001E151A /* AmpedUITests */,
			);
		};
/* End PBXProject section */

/* Begin PBXResourcesBuildPhase section */
		C106F20D2D90ADC6001E151A /* Resources */ = {
			isa = PBXResourcesBuildPhase;
			buildActionMask = 2147483647;
			files = (
				67FC7B012E7B803B00B9109D /* Amped 2.storekit in Resources */,
			);
			runOnlyForDeploymentPostprocessing = 0;
		};
		C106F21D2D90ADC8001E151A /* Resources */ = {
			isa = PBXResourcesBuildPhase;
			buildActionMask = 2147483647;
			files = (
			);
			runOnlyForDeploymentPostprocessing = 0;
		};
		C106F2272D90ADC8001E151A /* Resources */ = {
			isa = PBXResourcesBuildPhase;
			buildActionMask = 2147483647;
			files = (
			);
			runOnlyForDeploymentPostprocessing = 0;
		};
/* End PBXResourcesBuildPhase section */

/* Begin PBXShellScriptBuildPhase section */
		C106F2A52D90D0C0001E151A /* Info.plist No-Op (use Build Settings) */ = {
			isa = PBXShellScriptBuildPhase;
			buildActionMask = 2147483647;
			files = (
			);
			inputFileListPaths = (
			);
			inputPaths = (
				"${SRCROOT}/Amped/Scripts/update_infoplist.sh",
				"${SRCROOT}/Amped/Scripts/copy_infoplist.sh",
				"${SRCROOT}/Amped/Amped-Info.plist",
			);
			name = "Info.plist No-Op (use Build Settings)";
			outputFileListPaths = (
			);
			outputPaths = (
				"${BUILT_PRODUCTS_DIR}/${INFOPLIST_PATH}",
			);
			runOnlyForDeploymentPostprocessing = 1;
			shellPath = /bin/sh;
			shellScript = "# No-op: Info.plist values are provided via build settings (GENERATE_INFOPLIST_FILE=YES)\n\"${SRCROOT}/Amped/Scripts/dummy_update_infoplist.sh\"\n";
		};
/* End PBXShellScriptBuildPhase section */

/* Begin PBXSourcesBuildPhase section */
		C106F20B2D90ADC6001E151A /* Sources */ = {
			isa = PBXSourcesBuildPhase;
			buildActionMask = 2147483647;
			files = (
			);
			runOnlyForDeploymentPostprocessing = 0;
		};
		C106F21B2D90ADC8001E151A /* Sources */ = {
			isa = PBXSourcesBuildPhase;
			buildActionMask = 2147483647;
			files = (
			);
			runOnlyForDeploymentPostprocessing = 0;
		};
		C106F2252D90ADC8001E151A /* Sources */ = {
			isa = PBXSourcesBuildPhase;
			buildActionMask = 2147483647;
			files = (
			);
			runOnlyForDeploymentPostprocessing = 0;
		};
/* End PBXSourcesBuildPhase section */

/* Begin PBXTargetDependency section */
		C106F2212D90ADC8001E151A /* PBXTargetDependency */ = {
			isa = PBXTargetDependency;
			target = C106F20E2D90ADC6001E151A /* Amped */;
			targetProxy = C106F2202D90ADC8001E151A /* PBXContainerItemProxy */;
		};
		C106F22B2D90ADC8001E151A /* PBXTargetDependency */ = {
			isa = PBXTargetDependency;
			target = C106F20E2D90ADC6001E151A /* Amped */;
			targetProxy = C106F22A2D90ADC8001E151A /* PBXContainerItemProxy */;
		};
/* End PBXTargetDependency section */

/* Begin XCBuildConfiguration section */
		C106F2312D90ADC8001E151A /* Debug */ = {
			isa = XCBuildConfiguration;
			buildSettings = {
				ALWAYS_SEARCH_USER_PATHS = NO;
				ASSETCATALOG_COMPILER_GENERATE_SWIFT_ASSET_SYMBOL_EXTENSIONS = YES;
				CLANG_ANALYZER_NONNULL = YES;
				CLANG_ANALYZER_NUMBER_OBJECT_CONVERSION = YES_AGGRESSIVE;
				CLANG_CXX_LANGUAGE_STANDARD = "gnu++20";
				CLANG_ENABLE_MODULES = YES;
				CLANG_ENABLE_OBJC_ARC = YES;
				CLANG_ENABLE_OBJC_WEAK = YES;
				CLANG_WARN_BLOCK_CAPTURE_AUTORELEASING = YES;
				CLANG_WARN_BOOL_CONVERSION = YES;
				CLANG_WARN_COMMA = YES;
				CLANG_WARN_CONSTANT_CONVERSION = YES;
				CLANG_WARN_DEPRECATED_OBJC_IMPLEMENTATIONS = YES;
				CLANG_WARN_DIRECT_OBJC_ISA_USAGE = YES_ERROR;
				CLANG_WARN_DOCUMENTATION_COMMENTS = YES;
				CLANG_WARN_EMPTY_BODY = YES;
				CLANG_WARN_ENUM_CONVERSION = YES;
				CLANG_WARN_INFINITE_RECURSION = YES;
				CLANG_WARN_INT_CONVERSION = YES;
				CLANG_WARN_NON_LITERAL_NULL_CONVERSION = YES;
				CLANG_WARN_OBJC_IMPLICIT_RETAIN_SELF = YES;
				CLANG_WARN_OBJC_LITERAL_CONVERSION = YES;
				CLANG_WARN_OBJC_ROOT_CLASS = YES_ERROR;
				CLANG_WARN_QUOTED_INCLUDE_IN_FRAMEWORK_HEADER = YES;
				CLANG_WARN_RANGE_LOOP_ANALYSIS = YES;
				CLANG_WARN_STRICT_PROTOTYPES = YES;
				CLANG_WARN_SUSPICIOUS_MOVE = YES;
				CLANG_WARN_UNGUARDED_AVAILABILITY = YES_AGGRESSIVE;
				CLANG_WARN_UNREACHABLE_CODE = YES;
				CLANG_WARN__DUPLICATE_METHOD_MATCH = YES;
				COPY_PHASE_STRIP = NO;
				DEBUG_INFORMATION_FORMAT = dwarf;
				ENABLE_STRICT_OBJC_MSGSEND = YES;
				ENABLE_TESTABILITY = YES;
				ENABLE_USER_SCRIPT_SANDBOXING = NO;
				GCC_C_LANGUAGE_STANDARD = gnu17;
				GCC_DYNAMIC_NO_PIC = NO;
				GCC_NO_COMMON_BLOCKS = YES;
				GCC_OPTIMIZATION_LEVEL = 0;
				GCC_PREPROCESSOR_DEFINITIONS = (
					"DEBUG=1",
					"$(inherited)",
				);
				GCC_WARN_64_TO_32_BIT_CONVERSION = YES;
				GCC_WARN_ABOUT_RETURN_TYPE = YES_ERROR;
				GCC_WARN_UNDECLARED_SELECTOR = YES;
				GCC_WARN_UNINITIALIZED_AUTOS = YES_AGGRESSIVE;
				GCC_WARN_UNUSED_FUNCTION = YES;
				GCC_WARN_UNUSED_VARIABLE = YES;
				IPHONEOS_DEPLOYMENT_TARGET = 16.0;
				LOCALIZATION_PREFERS_STRING_CATALOGS = YES;
				MTL_ENABLE_DEBUG_INFO = INCLUDE_SOURCE;
				MTL_FAST_MATH = YES;
				ONLY_ACTIVE_ARCH = YES;
				SDKROOT = iphoneos;
				SWIFT_ACTIVE_COMPILATION_CONDITIONS = "DEBUG $(inherited)";
				SWIFT_OPTIMIZATION_LEVEL = "-Onone";
			};
			name = Debug;
		};
		C106F2322D90ADC8001E151A /* Release */ = {
			isa = XCBuildConfiguration;
			buildSettings = {
				ALWAYS_SEARCH_USER_PATHS = NO;
				ASSETCATALOG_COMPILER_GENERATE_SWIFT_ASSET_SYMBOL_EXTENSIONS = YES;
				CLANG_ANALYZER_NONNULL = YES;
				CLANG_ANALYZER_NUMBER_OBJECT_CONVERSION = YES_AGGRESSIVE;
				CLANG_CXX_LANGUAGE_STANDARD = "gnu++20";
				CLANG_ENABLE_MODULES = YES;
				CLANG_ENABLE_OBJC_ARC = YES;
				CLANG_ENABLE_OBJC_WEAK = YES;
				CLANG_WARN_BLOCK_CAPTURE_AUTORELEASING = YES;
				CLANG_WARN_BOOL_CONVERSION = YES;
				CLANG_WARN_COMMA = YES;
				CLANG_WARN_CONSTANT_CONVERSION = YES;
				CLANG_WARN_DEPRECATED_OBJC_IMPLEMENTATIONS = YES;
				CLANG_WARN_DIRECT_OBJC_ISA_USAGE = YES_ERROR;
				CLANG_WARN_DOCUMENTATION_COMMENTS = YES;
				CLANG_WARN_EMPTY_BODY = YES;
				CLANG_WARN_ENUM_CONVERSION = YES;
				CLANG_WARN_INFINITE_RECURSION = YES;
				CLANG_WARN_INT_CONVERSION = YES;
				CLANG_WARN_NON_LITERAL_NULL_CONVERSION = YES;
				CLANG_WARN_OBJC_IMPLICIT_RETAIN_SELF = YES;
				CLANG_WARN_OBJC_LITERAL_CONVERSION = YES;
				CLANG_WARN_OBJC_ROOT_CLASS = YES_ERROR;
				CLANG_WARN_QUOTED_INCLUDE_IN_FRAMEWORK_HEADER = YES;
				CLANG_WARN_RANGE_LOOP_ANALYSIS = YES;
				CLANG_WARN_STRICT_PROTOTYPES = YES;
				CLANG_WARN_SUSPICIOUS_MOVE = YES;
				CLANG_WARN_UNGUARDED_AVAILABILITY = YES_AGGRESSIVE;
				CLANG_WARN_UNREACHABLE_CODE = YES;
				CLANG_WARN__DUPLICATE_METHOD_MATCH = YES;
				COPY_PHASE_STRIP = NO;
				DEBUG_INFORMATION_FORMAT = "dwarf-with-dsym";
				ENABLE_NS_ASSERTIONS = NO;
				ENABLE_STRICT_OBJC_MSGSEND = YES;
				ENABLE_USER_SCRIPT_SANDBOXING = NO;
				GCC_C_LANGUAGE_STANDARD = gnu17;
				GCC_NO_COMMON_BLOCKS = YES;
				GCC_WARN_64_TO_32_BIT_CONVERSION = YES;
				GCC_WARN_ABOUT_RETURN_TYPE = YES_ERROR;
				GCC_WARN_UNDECLARED_SELECTOR = YES;
				GCC_WARN_UNINITIALIZED_AUTOS = YES_AGGRESSIVE;
				GCC_WARN_UNUSED_FUNCTION = YES;
				GCC_WARN_UNUSED_VARIABLE = YES;
				IPHONEOS_DEPLOYMENT_TARGET = 16.0;
				LOCALIZATION_PREFERS_STRING_CATALOGS = YES;
				MTL_ENABLE_DEBUG_INFO = NO;
				MTL_FAST_MATH = YES;
				SDKROOT = iphoneos;
				SWIFT_COMPILATION_MODE = wholemodule;
				VALIDATE_PRODUCT = YES;
			};
			name = Release;
		};
		C106F2342D90ADC8001E151A /* Debug */ = {
			isa = XCBuildConfiguration;
			buildSettings = {
				ASSETCATALOG_COMPILER_APPICON_NAME = AppIcon;
				ASSETCATALOG_COMPILER_GLOBAL_ACCENT_COLOR_NAME = AccentColor;
				CODE_SIGN_ENTITLEMENTS = Amped/AmpedDebug.entitlements;
				CODE_SIGN_IDENTITY = "Apple Development";
				"CODE_SIGN_IDENTITY[sdk=iphoneos*]" = "iPhone Developer";
				CODE_SIGN_STYLE = Manual;
				CURRENT_PROJECT_VERSION = 7;
				DEVELOPMENT_ASSET_PATHS = "\"Amped/Preview Content\"";
				DEVELOPMENT_TEAM = "";
				"DEVELOPMENT_TEAM[sdk=iphoneos*]" = CGJF4WRXFT;
				ENABLE_PREVIEWS = YES;
				GENERATE_INFOPLIST_FILE = YES;
				INFOPLIST_KEY_BGTaskSchedulerPermittedIdentifiers = "ai.ampedlife.amped.health-refresh ai.ampedlife.amped.health-processing";
				INFOPLIST_KEY_NSHealthShareUsageDescription = "Amped uses your health data to calculate personalized life impact metrics. All data is processed on your device and never shared.";
				INFOPLIST_KEY_NSHealthUpdateUsageDescription = "Amped does not modify your health data, but requires this permission to access your health information.";
				INFOPLIST_KEY_UIApplicationSceneManifest_Generation = YES;
				INFOPLIST_KEY_UIApplicationSupportsIndirectInputEvents = YES;
				INFOPLIST_KEY_UIBackgroundModes = "fetch background-processing";
				INFOPLIST_KEY_UILaunchScreen_Generation = YES;
				INFOPLIST_KEY_UISupportedInterfaceOrientations_iPad = "UIInterfaceOrientationPortrait UIInterfaceOrientationPortraitUpsideDown UIInterfaceOrientationLandscapeLeft UIInterfaceOrientationLandscapeRight";
				INFOPLIST_KEY_UISupportedInterfaceOrientations_iPhone = "UIInterfaceOrientationPortrait UIInterfaceOrientationLandscapeLeft UIInterfaceOrientationLandscapeRight";
				LD_RUNPATH_SEARCH_PATHS = (
					"$(inherited)",
					"@executable_path/Frameworks",
				);
				MARKETING_VERSION = 1.0.4;
				PRODUCT_BUNDLE_IDENTIFIER = ai.ampedlife.amped;
				PRODUCT_NAME = "$(TARGET_NAME)";
				PROVISIONING_PROFILE_SPECIFIER = "";
				"PROVISIONING_PROFILE_SPECIFIER[sdk=iphoneos*]" = Amped_DEV_PROVISIONING_PROFILES;
				SWIFT_EMIT_LOC_STRINGS = YES;
				SWIFT_VERSION = 5.0;
				TARGETED_DEVICE_FAMILY = "1,2";
			};
			name = Debug;
		};
		C106F2352D90ADC8001E151A /* Release */ = {
			isa = XCBuildConfiguration;
			buildSettings = {
				ASSETCATALOG_COMPILER_APPICON_NAME = AppIcon;
				ASSETCATALOG_COMPILER_GLOBAL_ACCENT_COLOR_NAME = AccentColor;
				CODE_SIGN_ENTITLEMENTS = Amped/Amped.entitlements;
				CODE_SIGN_IDENTITY = "Apple Development";
				"CODE_SIGN_IDENTITY[sdk=iphoneos*]" = "iPhone Distribution";
				CODE_SIGN_STYLE = Manual;
				CURRENT_PROJECT_VERSION = 7;
				DEVELOPMENT_ASSET_PATHS = "\"Amped/Preview Content\"";
				DEVELOPMENT_TEAM = "";
				"DEVELOPMENT_TEAM[sdk=iphoneos*]" = CGJF4WRXFT;
				ENABLE_PREVIEWS = YES;
				GENERATE_INFOPLIST_FILE = YES;
				INFOPLIST_KEY_BGTaskSchedulerPermittedIdentifiers = "ai.ampedlife.amped.health-refresh ai.ampedlife.amped.health-processing";
				INFOPLIST_KEY_NSHealthShareUsageDescription = "Amped uses your health data to calculate personalized life impact metrics. All data is processed on your device and never shared.";
				INFOPLIST_KEY_NSHealthUpdateUsageDescription = "Amped does not modify your health data, but requires this permission to access your health information.";
				INFOPLIST_KEY_UIApplicationSceneManifest_Generation = YES;
				INFOPLIST_KEY_UIApplicationSupportsIndirectInputEvents = YES;
				INFOPLIST_KEY_UIBackgroundModes = "fetch background-processing";
				INFOPLIST_KEY_UILaunchScreen_Generation = YES;
				INFOPLIST_KEY_UISupportedInterfaceOrientations_iPad = "UIInterfaceOrientationPortrait UIInterfaceOrientationPortraitUpsideDown UIInterfaceOrientationLandscapeLeft UIInterfaceOrientationLandscapeRight";
				INFOPLIST_KEY_UISupportedInterfaceOrientations_iPhone = "UIInterfaceOrientationPortrait UIInterfaceOrientationLandscapeLeft UIInterfaceOrientationLandscapeRight";
				LD_RUNPATH_SEARCH_PATHS = (
					"$(inherited)",
					"@executable_path/Frameworks",
				);
				MARKETING_VERSION = 1.0.4;
				PRODUCT_BUNDLE_IDENTIFIER = ai.ampedlife.amped;
				PRODUCT_NAME = "$(TARGET_NAME)";
				PROVISIONING_PROFILE_SPECIFIER = "";
				"PROVISIONING_PROFILE_SPECIFIER[sdk=iphoneos*]" = Amped_PRODUCTION_PROVISIONING_PROFILES;
				SWIFT_EMIT_LOC_STRINGS = YES;
				SWIFT_VERSION = 5.0;
				TARGETED_DEVICE_FAMILY = "1,2";
			};
			name = Release;
		};
		C106F2372D90ADC8001E151A /* Debug */ = {
			isa = XCBuildConfiguration;
			buildSettings = {
				BUNDLE_LOADER = "$(TEST_HOST)";
				CODE_SIGN_STYLE = Automatic;
				CURRENT_PROJECT_VERSION = 1;
				DEVELOPMENT_TEAM = CGJF4WRXFT;
				GENERATE_INFOPLIST_FILE = YES;
				IPHONEOS_DEPLOYMENT_TARGET = 16.0;
				MARKETING_VERSION = 1.0;
				PRODUCT_BUNDLE_IDENTIFIER = ai.amped.AmpedTests;
				PRODUCT_NAME = "$(TARGET_NAME)";
				SWIFT_EMIT_LOC_STRINGS = NO;
				SWIFT_VERSION = 5.0;
				TARGETED_DEVICE_FAMILY = "1,2";
				TEST_HOST = "$(BUILT_PRODUCTS_DIR)/Amped.app/$(BUNDLE_EXECUTABLE_FOLDER_PATH)/Amped";
			};
			name = Debug;
		};
		C106F2382D90ADC8001E151A /* Release */ = {
			isa = XCBuildConfiguration;
			buildSettings = {
				BUNDLE_LOADER = "$(TEST_HOST)";
				CODE_SIGN_STYLE = Automatic;
				CURRENT_PROJECT_VERSION = 1;
				DEVELOPMENT_TEAM = CGJF4WRXFT;
				GENERATE_INFOPLIST_FILE = YES;
				IPHONEOS_DEPLOYMENT_TARGET = 16.0;
				MARKETING_VERSION = 1.0;
				PRODUCT_BUNDLE_IDENTIFIER = ai.amped.AmpedTests;
				PRODUCT_NAME = "$(TARGET_NAME)";
				SWIFT_EMIT_LOC_STRINGS = NO;
				SWIFT_VERSION = 5.0;
				TARGETED_DEVICE_FAMILY = "1,2";
				TEST_HOST = "$(BUILT_PRODUCTS_DIR)/Amped.app/$(BUNDLE_EXECUTABLE_FOLDER_PATH)/Amped";
			};
			name = Release;
		};
		C106F23A2D90ADC8001E151A /* Debug */ = {
			isa = XCBuildConfiguration;
			buildSettings = {
				CODE_SIGN_STYLE = Automatic;
				CURRENT_PROJECT_VERSION = 1;
				DEVELOPMENT_TEAM = CGJF4WRXFT;
				GENERATE_INFOPLIST_FILE = YES;
				MARKETING_VERSION = 1.0;
				PRODUCT_BUNDLE_IDENTIFIER = ai.amped.AmpedUITests;
				PRODUCT_NAME = "$(TARGET_NAME)";
				SWIFT_EMIT_LOC_STRINGS = NO;
				SWIFT_VERSION = 5.0;
				TARGETED_DEVICE_FAMILY = "1,2";
				TEST_TARGET_NAME = Amped;
			};
			name = Debug;
		};
		C106F23B2D90ADC8001E151A /* Release */ = {
			isa = XCBuildConfiguration;
			buildSettings = {
				CODE_SIGN_STYLE = Automatic;
				CURRENT_PROJECT_VERSION = 1;
				DEVELOPMENT_TEAM = CGJF4WRXFT;
				GENERATE_INFOPLIST_FILE = YES;
				MARKETING_VERSION = 1.0;
				PRODUCT_BUNDLE_IDENTIFIER = ai.amped.AmpedUITests;
				PRODUCT_NAME = "$(TARGET_NAME)";
				SWIFT_EMIT_LOC_STRINGS = NO;
				SWIFT_VERSION = 5.0;
				TARGETED_DEVICE_FAMILY = "1,2";
				TEST_TARGET_NAME = Amped;
			};
			name = Release;
		};
/* End XCBuildConfiguration section */

/* Begin XCConfigurationList section */
		C106F20A2D90ADC6001E151A /* Build configuration list for PBXProject "Amped" */ = {
			isa = XCConfigurationList;
			buildConfigurations = (
				C106F2312D90ADC8001E151A /* Debug */,
				C106F2322D90ADC8001E151A /* Release */,
			);
			defaultConfigurationIsVisible = 0;
			defaultConfigurationName = Release;
		};
		C106F2332D90ADC8001E151A /* Build configuration list for PBXNativeTarget "Amped" */ = {
			isa = XCConfigurationList;
			buildConfigurations = (
				C106F2342D90ADC8001E151A /* Debug */,
				C106F2352D90ADC8001E151A /* Release */,
			);
			defaultConfigurationIsVisible = 0;
			defaultConfigurationName = Release;
		};
		C106F2362D90ADC8001E151A /* Build configuration list for PBXNativeTarget "AmpedTests" */ = {
			isa = XCConfigurationList;
			buildConfigurations = (
				C106F2372D90ADC8001E151A /* Debug */,
				C106F2382D90ADC8001E151A /* Release */,
			);
			defaultConfigurationIsVisible = 0;
			defaultConfigurationName = Release;
		};
		C106F2392D90ADC8001E151A /* Build configuration list for PBXNativeTarget "AmpedUITests" */ = {
			isa = XCConfigurationList;
			buildConfigurations = (
				C106F23A2D90ADC8001E151A /* Debug */,
				C106F23B2D90ADC8001E151A /* Release */,
			);
			defaultConfigurationIsVisible = 0;
			defaultConfigurationName = Release;
		};
/* End XCConfigurationList section */

/* Begin XCRemoteSwiftPackageReference section */
		67FC7AFB2E7B71D300B9109D /* XCRemoteSwiftPackageReference "purchases-ios" */ = {
			isa = XCRemoteSwiftPackageReference;
			repositoryURL = "https://github.com/RevenueCat/purchases-ios";
			requirement = {
				kind = upToNextMajorVersion;
				minimumVersion = 5.39.0;
			};
		};
/* End XCRemoteSwiftPackageReference section */

/* Begin XCSwiftPackageProductDependency section */
		67FC7AFC2E7B71D300B9109D /* RevenueCat */ = {
			isa = XCSwiftPackageProductDependency;
			package = 67FC7AFB2E7B71D300B9109D /* XCRemoteSwiftPackageReference "purchases-ios" */;
			productName = RevenueCat;
		};
/* End XCSwiftPackageProductDependency section */
	};
	rootObject = C106F2072D90ADC6001E151A /* Project object */;
}
